// !$*UTF8*$!
{
	archiveVersion = 1;
	classes = {
	};
	objectVersion = 50;
	objects = {

/* Begin PBXBuildFile section */
		E1739D11210261AC00558840 /* CMTPDAppDelegate.m in Sources */ = {isa = PBXBuildFile; fileRef = E1739D10210261AC00558840 /* CMTPDAppDelegate.m */; };
		E1739D14210261AC00558840 /* CMTPMasterViewController.m in Sources */ = {isa = PBXBuildFile; fileRef = E1739D13210261AC00558840 /* CMTPMasterViewController.m */; };
		E1739D1A210261AC00558840 /* Main.storyboard in Resources */ = {isa = PBXBuildFile; fileRef = E1739D18210261AC00558840 /* Main.storyboard */; };
		E1739D1C210261AD00558840 /* Assets.xcassets in Resources */ = {isa = PBXBuildFile; fileRef = E1739D1B210261AD00558840 /* Assets.xcassets */; };
		E1739D1F210261AD00558840 /* LaunchScreen.storyboard in Resources */ = {isa = PBXBuildFile; fileRef = E1739D1D210261AD00558840 /* LaunchScreen.storyboard */; };
		E1739D22210261AD00558840 /* main.m in Sources */ = {isa = PBXBuildFile; fileRef = E1739D21210261AD00558840 /* main.m */; };
		E1A07E9B210296E6007010AE /* CMTPDInfoViewController.m in Sources */ = {isa = PBXBuildFile; fileRef = E1A07E4D210296E4007010AE /* CMTPDInfoViewController.m */; };
		E1A07E9D210296E6007010AE /* WonderwallLikeVertexShader.glsl in Resources */ = {isa = PBXBuildFile; fileRef = E1A07E51210296E4007010AE /* WonderwallLikeVertexShader.glsl */; };
		E1A07E9E210296E6007010AE /* WonderwallLikeFragmentShader.glsl in Resources */ = {isa = PBXBuildFile; fileRef = E1A07E52210296E4007010AE /* WonderwallLikeFragmentShader.glsl */; };
		E1A07E9F210296E6007010AE /* CMTPDWonderwallLikeViewController.m in Sources */ = {isa = PBXBuildFile; fileRef = E1A07E53210296E4007010AE /* CMTPDWonderwallLikeViewController.m */; };
		E1A07EA1210296E6007010AE /* WebTestFragmentShader.glsl in Resources */ = {isa = PBXBuildFile; fileRef = E1A07E56210296E4007010AE /* WebTestFragmentShader.glsl */; };
		E1A07EA2210296E6007010AE /* WebTestVertexShader.glsl in Resources */ = {isa = PBXBuildFile; fileRef = E1A07E57210296E4007010AE /* WebTestVertexShader.glsl */; };
		E1A07EA4210296E6007010AE /* CMTPDWebTestViewController.m in Sources */ = {isa = PBXBuildFile; fileRef = E1A07E59210296E4007010AE /* CMTPDWebTestViewController.m */; };
		E1A07EA7210296E6007010AE /* CMTPDSmoothedPath.m in Sources */ = {isa = PBXBuildFile; fileRef = E1A07E5F210296E5007010AE /* CMTPDSmoothedPath.m */; };
		E1A07EA8210296E6007010AE /* CMTPDSpringTestView.m in Sources */ = {isa = PBXBuildFile; fileRef = E1A07E63210296E5007010AE /* CMTPDSpringTestView.m */; };
		E1A07EA9210296E6007010AE /* CMTPDSpringTestLayer.m in Sources */ = {isa = PBXBuildFile; fileRef = E1A07E65210296E5007010AE /* CMTPDSpringTestLayer.m */; };
		E1A07EAA210296E6007010AE /* CMTPDSpringTestViewController.m in Sources */ = {isa = PBXBuildFile; fileRef = E1A07E66210296E5007010AE /* CMTPDSpringTestViewController.m */; };
		E1A07EAB210296E6007010AE /* CMTPDFreeFloatingTestSubLayer.m in Sources */ = {isa = PBXBuildFile; fileRef = E1A07E69210296E5007010AE /* CMTPDFreeFloatingTestSubLayer.m */; };
		E1A07EAC210296E6007010AE /* CMTPDFreeFloatingTestLayer.m in Sources */ = {isa = PBXBuildFile; fileRef = E1A07E6A210296E5007010AE /* CMTPDFreeFloatingTestLayer.m */; };
		E1A07EAE210296E6007010AE /* CMTPDFreeFloatingTestView.m in Sources */ = {isa = PBXBuildFile; fileRef = E1A07E6C210296E5007010AE /* CMTPDFreeFloatingTestView.m */; };
		E1A07EAF210296E6007010AE /* CMTPDFreeFloatingTestViewController.m in Sources */ = {isa = PBXBuildFile; fileRef = E1A07E6D210296E5007010AE /* CMTPDFreeFloatingTestViewController.m */; };
		E1A07EB0210296E6007010AE /* wonderwall_atlas.plist in Resources */ = {isa = PBXBuildFile; fileRef = E1A07E73210296E5007010AE /* wonderwall_atlas.plist */; };
		E1A07EB1210296E6007010AE /* wonderwall_atlas@2x.plist in Resources */ = {isa = PBXBuildFile; fileRef = E1A07E74210296E5007010AE /* wonderwall_atlas@2x.plist */; };
		E1A07EB2210296E6007010AE /* info.html in Resources */ = {isa = PBXBuildFile; fileRef = E1A07E75210296E5007010AE /* info.html */; };
		E1A07EB3210296E6007010AE /* sandy_beach.jpg in Resources */ = {isa = PBXBuildFile; fileRef = E1A07E76210296E5007010AE /* sandy_beach.jpg */; };
		E1A07EB4210296E6007010AE /* wonderwall_atlas.png in Resources */ = {isa = PBXBuildFile; fileRef = E1A07E77210296E5007010AE /* wonderwall_atlas.png */; };
		E1A07EB5210296E6007010AE /* wonderwall_atlas@2x.png in Resources */ = {isa = PBXBuildFile; fileRef = E1A07E78210296E5007010AE /* wonderwall_atlas@2x.png */; };
		E1A07EB6210296E6007010AE /* CMTPDAttractionTestLayer.m in Sources */ = {isa = PBXBuildFile; fileRef = E1A07E7A210296E5007010AE /* CMTPDAttractionTestLayer.m */; };
		E1A07EB7210296E6007010AE /* CMTPDAttractionTestView.m in Sources */ = {isa = PBXBuildFile; fileRef = E1A07E7B210296E5007010AE /* CMTPDAttractionTestView.m */; };
		E1A07EB9210296E6007010AE /* CMTPDATSubLayers.m in Sources */ = {isa = PBXBuildFile; fileRef = E1A07E7D210296E5007010AE /* CMTPDATSubLayers.m */; };
		E1A07EBA210296E6007010AE /* CMTPDAttractionTestViewController.m in Sources */ = {isa = PBXBuildFile; fileRef = E1A07E7E210296E5007010AE /* CMTPDAttractionTestViewController.m */; };
		E1A07EBB210296E6007010AE /* CMTPDScrollViewCloneViewController.m in Sources */ = {isa = PBXBuildFile; fileRef = E1A07E84210296E5007010AE /* CMTPDScrollViewCloneViewController.m */; };
		E1A07EBC210296E6007010AE /* CMTPDScrollViewCloneConfigureViewController.m in Sources */ = {isa = PBXBuildFile; fileRef = E1A07E86210296E5007010AE /* CMTPDScrollViewCloneConfigureViewController.m */; };
		E1A07EBE210296E6007010AE /* CMScrollView.m in Sources */ = {isa = PBXBuildFile; fileRef = E1A07E89210296E5007010AE /* CMScrollView.m */; };
		E1A07EC1210296E6007010AE /* CMTPDAttractionGridViewController.m in Sources */ = {isa = PBXBuildFile; fileRef = E1A07E8F210296E5007010AE /* CMTPDAttractionGridViewController.m */; };
		E1A07EC2210296E6007010AE /* AttractionGridVertexShader.glsl in Resources */ = {isa = PBXBuildFile; fileRef = E1A07E90210296E5007010AE /* AttractionGridVertexShader.glsl */; };
		E1A07EC3210296E6007010AE /* AttractionGridFragmentShader.glsl in Resources */ = {isa = PBXBuildFile; fileRef = E1A07E91210296E5007010AE /* AttractionGridFragmentShader.glsl */; };
		E1A07EC4210296E6007010AE /* CMTPDClothTestViewController.m in Sources */ = {isa = PBXBuildFile; fileRef = E1A07E93210296E5007010AE /* CMTPDClothTestViewController.m */; };
		E1A07EC5210296E6007010AE /* ClothTestVertexShader.glsl in Resources */ = {isa = PBXBuildFile; fileRef = E1A07E94210296E5007010AE /* ClothTestVertexShader.glsl */; };
		E1A07EC6210296E6007010AE /* ClothTestFragmentShader.glsl in Resources */ = {isa = PBXBuildFile; fileRef = E1A07E95210296E5007010AE /* ClothTestFragmentShader.glsl */; };
		E1A07EC8210296E6007010AE /* EAGLView.m in Sources */ = {isa = PBXBuildFile; fileRef = E1A07E98210296E5007010AE /* EAGLView.m */; };
		E1A07ED4210296F9007010AE /* LICENSE.txt in Resources */ = {isa = PBXBuildFile; fileRef = E1A07ECA210296F9007010AE /* LICENSE.txt */; };
		E1A07ED5210296F9007010AE /* CMGLESKProgram.m in Sources */ = {isa = PBXBuildFile; fileRef = E1A07ECE210296F9007010AE /* CMGLESKProgram.m */; };
		E1A07ED6210296F9007010AE /* CMGLESKTexture.m in Sources */ = {isa = PBXBuildFile; fileRef = E1A07ECF210296F9007010AE /* CMGLESKTexture.m */; };
		E1A07ED7210296F9007010AE /* CMGLESKUtil.m in Sources */ = {isa = PBXBuildFile; fileRef = E1A07ED0210296F9007010AE /* CMGLESKUtil.m */; };
		E1A07EEF21029710007010AE /* README.md in Resources */ = {isa = PBXBuildFile; fileRef = E1A07ED821029710007010AE /* README.md */; };
		E1A07EF021029710007010AE /* CMTPModifiedEulerIntegrator.m in Sources */ = {isa = PBXBuildFile; fileRef = E1A07EDB21029710007010AE /* CMTPModifiedEulerIntegrator.m */; };
		E1A07EF121029710007010AE /* CMTPSpring.m in Sources */ = {isa = PBXBuildFile; fileRef = E1A07EDF21029710007010AE /* CMTPSpring.m */; };
		E1A07EF221029710007010AE /* CMTPAttraction.m in Sources */ = {isa = PBXBuildFile; fileRef = E1A07EE021029710007010AE /* CMTPAttraction.m */; };
		E1A07EF321029710007010AE /* CMTPParticleSystem.m in Sources */ = {isa = PBXBuildFile; fileRef = E1A07EE221029710007010AE /* CMTPParticleSystem.m */; };
		E1A07EF421029710007010AE /* CMTPForce.m in Sources */ = {isa = PBXBuildFile; fileRef = E1A07EE321029710007010AE /* CMTPForce.m */; };
		E1A07EF521029710007010AE /* CMTPRungeKuttaIntegrator.m in Sources */ = {isa = PBXBuildFile; fileRef = E1A07EE621029710007010AE /* CMTPRungeKuttaIntegrator.m */; };
		E1A07EF621029710007010AE /* CMTPParticle.m in Sources */ = {isa = PBXBuildFile; fileRef = E1A07EE721029710007010AE /* CMTPParticle.m */; };
		E1A07EF721029710007010AE /* CMTPIntegrator.m in Sources */ = {isa = PBXBuildFile; fileRef = E1A07EE921029710007010AE /* CMTPIntegrator.m */; };
		E1A07EF921029710007010AE /* CMTPCustomForce.m in Sources */ = {isa = PBXBuildFile; fileRef = E1A07EED21029710007010AE /* CMTPCustomForce.m */; };
/* End PBXBuildFile section */

/* Begin PBXFileReference section */
		E1739D0C210261AC00558840 /* CMTPDemo.app */ = {isa = PBXFileReference; explicitFileType = wrapper.application; includeInIndex = 0; path = CMTPDemo.app; sourceTree = BUILT_PRODUCTS_DIR; };
		E1739D0F210261AC00558840 /* CMTPDAppDelegate.h */ = {isa = PBXFileReference; lastKnownFileType = sourcecode.c.h; path = CMTPDAppDelegate.h; sourceTree = "<group>"; };
		E1739D10210261AC00558840 /* CMTPDAppDelegate.m */ = {isa = PBXFileReference; lastKnownFileType = sourcecode.c.objc; path = CMTPDAppDelegate.m; sourceTree = "<group>"; };
		E1739D12210261AC00558840 /* CMTPMasterViewController.h */ = {isa = PBXFileReference; lastKnownFileType = sourcecode.c.h; path = CMTPMasterViewController.h; sourceTree = "<group>"; };
		E1739D13210261AC00558840 /* CMTPMasterViewController.m */ = {isa = PBXFileReference; lastKnownFileType = sourcecode.c.objc; path = CMTPMasterViewController.m; sourceTree = "<group>"; };
		E1739D19210261AC00558840 /* Base */ = {isa = PBXFileReference; lastKnownFileType = file.storyboard; name = Base; path = Base.lproj/Main.storyboard; sourceTree = "<group>"; };
		E1739D1B210261AD00558840 /* Assets.xcassets */ = {isa = PBXFileReference; lastKnownFileType = folder.assetcatalog; path = Assets.xcassets; sourceTree = "<group>"; };
		E1739D1E210261AD00558840 /* Base */ = {isa = PBXFileReference; lastKnownFileType = file.storyboard; name = Base; path = Base.lproj/LaunchScreen.storyboard; sourceTree = "<group>"; };
		E1739D20210261AD00558840 /* CMTPDemo-Info.plist */ = {isa = PBXFileReference; lastKnownFileType = text.plist.xml; path = "CMTPDemo-Info.plist"; sourceTree = "<group>"; };
		E1739D21210261AD00558840 /* main.m */ = {isa = PBXFileReference; lastKnownFileType = sourcecode.c.objc; path = main.m; sourceTree = "<group>"; };
		E1A07E4D210296E4007010AE /* CMTPDInfoViewController.m */ = {isa = PBXFileReference; fileEncoding = 4; lastKnownFileType = sourcecode.c.objc; path = CMTPDInfoViewController.m; sourceTree = "<group>"; };
		E1A07E50210296E4007010AE /* CMTPDWonderwallLikeViewController.h */ = {isa = PBXFileReference; fileEncoding = 4; lastKnownFileType = sourcecode.c.h; path = CMTPDWonderwallLikeViewController.h; sourceTree = "<group>"; };
		E1A07E51210296E4007010AE /* WonderwallLikeVertexShader.glsl */ = {isa = PBXFileReference; fileEncoding = 4; lastKnownFileType = text; path = WonderwallLikeVertexShader.glsl; sourceTree = "<group>"; };
		E1A07E52210296E4007010AE /* WonderwallLikeFragmentShader.glsl */ = {isa = PBXFileReference; fileEncoding = 4; lastKnownFileType = text; path = WonderwallLikeFragmentShader.glsl; sourceTree = "<group>"; };
		E1A07E53210296E4007010AE /* CMTPDWonderwallLikeViewController.m */ = {isa = PBXFileReference; fileEncoding = 4; lastKnownFileType = sourcecode.c.objc; path = CMTPDWonderwallLikeViewController.m; sourceTree = "<group>"; };
		E1A07E56210296E4007010AE /* WebTestFragmentShader.glsl */ = {isa = PBXFileReference; fileEncoding = 4; lastKnownFileType = text; path = WebTestFragmentShader.glsl; sourceTree = "<group>"; };
		E1A07E57210296E4007010AE /* WebTestVertexShader.glsl */ = {isa = PBXFileReference; fileEncoding = 4; lastKnownFileType = text; path = WebTestVertexShader.glsl; sourceTree = "<group>"; };
		E1A07E59210296E4007010AE /* CMTPDWebTestViewController.m */ = {isa = PBXFileReference; fileEncoding = 4; lastKnownFileType = sourcecode.c.objc; path = CMTPDWebTestViewController.m; sourceTree = "<group>"; };
		E1A07E5A210296E4007010AE /* CMTPDWebTestViewController.h */ = {isa = PBXFileReference; fileEncoding = 4; lastKnownFileType = sourcecode.c.h; path = CMTPDWebTestViewController.h; sourceTree = "<group>"; };
		E1A07E5C210296E5007010AE /* CMTPDInfoViewController.h */ = {isa = PBXFileReference; fileEncoding = 4; lastKnownFileType = sourcecode.c.h; path = CMTPDInfoViewController.h; sourceTree = "<group>"; };
		E1A07E5F210296E5007010AE /* CMTPDSmoothedPath.m */ = {isa = PBXFileReference; fileEncoding = 4; lastKnownFileType = sourcecode.c.objc; path = CMTPDSmoothedPath.m; sourceTree = "<group>"; };
		E1A07E60210296E5007010AE /* CMTPDSpringTestView.h */ = {isa = PBXFileReference; fileEncoding = 4; lastKnownFileType = sourcecode.c.h; path = CMTPDSpringTestView.h; sourceTree = "<group>"; };
		E1A07E61210296E5007010AE /* CMTPDSpringTestViewController.h */ = {isa = PBXFileReference; fileEncoding = 4; lastKnownFileType = sourcecode.c.h; path = CMTPDSpringTestViewController.h; sourceTree = "<group>"; };
		E1A07E62210296E5007010AE /* CMTPDSpringTestLayer.h */ = {isa = PBXFileReference; fileEncoding = 4; lastKnownFileType = sourcecode.c.h; path = CMTPDSpringTestLayer.h; sourceTree = "<group>"; };
		E1A07E63210296E5007010AE /* CMTPDSpringTestView.m */ = {isa = PBXFileReference; fileEncoding = 4; lastKnownFileType = sourcecode.c.objc; path = CMTPDSpringTestView.m; sourceTree = "<group>"; };
		E1A07E64210296E5007010AE /* CMTPDSmoothedPath.h */ = {isa = PBXFileReference; fileEncoding = 4; lastKnownFileType = sourcecode.c.h; path = CMTPDSmoothedPath.h; sourceTree = "<group>"; };
		E1A07E65210296E5007010AE /* CMTPDSpringTestLayer.m */ = {isa = PBXFileReference; fileEncoding = 4; lastKnownFileType = sourcecode.c.objc; path = CMTPDSpringTestLayer.m; sourceTree = "<group>"; };
		E1A07E66210296E5007010AE /* CMTPDSpringTestViewController.m */ = {isa = PBXFileReference; fileEncoding = 4; lastKnownFileType = sourcecode.c.objc; path = CMTPDSpringTestViewController.m; sourceTree = "<group>"; };
		E1A07E68210296E5007010AE /* CMTPDFreeFloatingTestViewController.h */ = {isa = PBXFileReference; fileEncoding = 4; lastKnownFileType = sourcecode.c.h; path = CMTPDFreeFloatingTestViewController.h; sourceTree = "<group>"; };
		E1A07E69210296E5007010AE /* CMTPDFreeFloatingTestSubLayer.m */ = {isa = PBXFileReference; fileEncoding = 4; lastKnownFileType = sourcecode.c.objc; path = CMTPDFreeFloatingTestSubLayer.m; sourceTree = "<group>"; };
		E1A07E6A210296E5007010AE /* CMTPDFreeFloatingTestLayer.m */ = {isa = PBXFileReference; fileEncoding = 4; lastKnownFileType = sourcecode.c.objc; path = CMTPDFreeFloatingTestLayer.m; sourceTree = "<group>"; };
		E1A07E6C210296E5007010AE /* CMTPDFreeFloatingTestView.m */ = {isa = PBXFileReference; fileEncoding = 4; lastKnownFileType = sourcecode.c.objc; path = CMTPDFreeFloatingTestView.m; sourceTree = "<group>"; };
		E1A07E6D210296E5007010AE /* CMTPDFreeFloatingTestViewController.m */ = {isa = PBXFileReference; fileEncoding = 4; lastKnownFileType = sourcecode.c.objc; path = CMTPDFreeFloatingTestViewController.m; sourceTree = "<group>"; };
		E1A07E6E210296E5007010AE /* CMTPDFreeFloatingTestLayer.h */ = {isa = PBXFileReference; fileEncoding = 4; lastKnownFileType = sourcecode.c.h; path = CMTPDFreeFloatingTestLayer.h; sourceTree = "<group>"; };
		E1A07E6F210296E5007010AE /* CMTPDFreeFloatingTestSubLayer.h */ = {isa = PBXFileReference; fileEncoding = 4; lastKnownFileType = sourcecode.c.h; path = CMTPDFreeFloatingTestSubLayer.h; sourceTree = "<group>"; };
		E1A07E70210296E5007010AE /* CMTPDFreeFloatingTestView.h */ = {isa = PBXFileReference; fileEncoding = 4; lastKnownFileType = sourcecode.c.h; path = CMTPDFreeFloatingTestView.h; sourceTree = "<group>"; };
		E1A07E71210296E5007010AE /* EAGLView.h */ = {isa = PBXFileReference; fileEncoding = 4; lastKnownFileType = sourcecode.c.h; path = EAGLView.h; sourceTree = "<group>"; };
		E1A07E73210296E5007010AE /* wonderwall_atlas.plist */ = {isa = PBXFileReference; fileEncoding = 4; lastKnownFileType = text.plist.xml; path = wonderwall_atlas.plist; sourceTree = "<group>"; };
		E1A07E74210296E5007010AE /* wonderwall_atlas@2x.plist */ = {isa = PBXFileReference; fileEncoding = 4; lastKnownFileType = text.plist.xml; path = "wonderwall_atlas@2x.plist"; sourceTree = "<group>"; };
		E1A07E75210296E5007010AE /* info.html */ = {isa = PBXFileReference; fileEncoding = 4; lastKnownFileType = text.html; path = info.html; sourceTree = "<group>"; };
		E1A07E76210296E5007010AE /* sandy_beach.jpg */ = {isa = PBXFileReference; lastKnownFileType = image.jpeg; path = sandy_beach.jpg; sourceTree = "<group>"; };
		E1A07E77210296E5007010AE /* wonderwall_atlas.png */ = {isa = PBXFileReference; lastKnownFileType = image.png; path = wonderwall_atlas.png; sourceTree = "<group>"; };
		E1A07E78210296E5007010AE /* wonderwall_atlas@2x.png */ = {isa = PBXFileReference; lastKnownFileType = image.png; path = "wonderwall_atlas@2x.png"; sourceTree = "<group>"; };
		E1A07E7A210296E5007010AE /* CMTPDAttractionTestLayer.m */ = {isa = PBXFileReference; fileEncoding = 4; lastKnownFileType = sourcecode.c.objc; path = CMTPDAttractionTestLayer.m; sourceTree = "<group>"; };
		E1A07E7B210296E5007010AE /* CMTPDAttractionTestView.m */ = {isa = PBXFileReference; fileEncoding = 4; lastKnownFileType = sourcecode.c.objc; path = CMTPDAttractionTestView.m; sourceTree = "<group>"; };
		E1A07E7D210296E5007010AE /* CMTPDATSubLayers.m */ = {isa = PBXFileReference; fileEncoding = 4; lastKnownFileType = sourcecode.c.objc; path = CMTPDATSubLayers.m; sourceTree = "<group>"; };
		E1A07E7E210296E5007010AE /* CMTPDAttractionTestViewController.m */ = {isa = PBXFileReference; fileEncoding = 4; lastKnownFileType = sourcecode.c.objc; path = CMTPDAttractionTestViewController.m; sourceTree = "<group>"; };
		E1A07E7F210296E5007010AE /* CMTPDAttractionTestView.h */ = {isa = PBXFileReference; fileEncoding = 4; lastKnownFileType = sourcecode.c.h; path = CMTPDAttractionTestView.h; sourceTree = "<group>"; };
		E1A07E80210296E5007010AE /* CMTPDAttractionTestLayer.h */ = {isa = PBXFileReference; fileEncoding = 4; lastKnownFileType = sourcecode.c.h; path = CMTPDAttractionTestLayer.h; sourceTree = "<group>"; };
		E1A07E81210296E5007010AE /* CMTPDAttractionTestViewController.h */ = {isa = PBXFileReference; fileEncoding = 4; lastKnownFileType = sourcecode.c.h; path = CMTPDAttractionTestViewController.h; sourceTree = "<group>"; };
		E1A07E82210296E5007010AE /* CMTPDATSubLayers.h */ = {isa = PBXFileReference; fileEncoding = 4; lastKnownFileType = sourcecode.c.h; path = CMTPDATSubLayers.h; sourceTree = "<group>"; };
		E1A07E84210296E5007010AE /* CMTPDScrollViewCloneViewController.m */ = {isa = PBXFileReference; fileEncoding = 4; lastKnownFileType = sourcecode.c.objc; path = CMTPDScrollViewCloneViewController.m; sourceTree = "<group>"; };
		E1A07E85210296E5007010AE /* CMScrollView.h */ = {isa = PBXFileReference; fileEncoding = 4; lastKnownFileType = sourcecode.c.h; path = CMScrollView.h; sourceTree = "<group>"; };
		E1A07E86210296E5007010AE /* CMTPDScrollViewCloneConfigureViewController.m */ = {isa = PBXFileReference; fileEncoding = 4; lastKnownFileType = sourcecode.c.objc; path = CMTPDScrollViewCloneConfigureViewController.m; sourceTree = "<group>"; };
		E1A07E88210296E5007010AE /* CMTPDScrollViewCloneViewController.h */ = {isa = PBXFileReference; fileEncoding = 4; lastKnownFileType = sourcecode.c.h; path = CMTPDScrollViewCloneViewController.h; sourceTree = "<group>"; };
		E1A07E89210296E5007010AE /* CMScrollView.m */ = {isa = PBXFileReference; fileEncoding = 4; lastKnownFileType = sourcecode.c.objc; path = CMScrollView.m; sourceTree = "<group>"; };
		E1A07E8B210296E5007010AE /* CMTPDScrollViewCloneConfigureViewController.h */ = {isa = PBXFileReference; fileEncoding = 4; lastKnownFileType = sourcecode.c.h; path = CMTPDScrollViewCloneConfigureViewController.h; sourceTree = "<group>"; };
		E1A07E8E210296E5007010AE /* CMTPDAttractionGridViewController.h */ = {isa = PBXFileReference; fileEncoding = 4; lastKnownFileType = sourcecode.c.h; path = CMTPDAttractionGridViewController.h; sourceTree = "<group>"; };
		E1A07E8F210296E5007010AE /* CMTPDAttractionGridViewController.m */ = {isa = PBXFileReference; fileEncoding = 4; lastKnownFileType = sourcecode.c.objc; path = CMTPDAttractionGridViewController.m; sourceTree = "<group>"; };
		E1A07E90210296E5007010AE /* AttractionGridVertexShader.glsl */ = {isa = PBXFileReference; fileEncoding = 4; lastKnownFileType = text; path = AttractionGridVertexShader.glsl; sourceTree = "<group>"; };
		E1A07E91210296E5007010AE /* AttractionGridFragmentShader.glsl */ = {isa = PBXFileReference; fileEncoding = 4; lastKnownFileType = text; path = AttractionGridFragmentShader.glsl; sourceTree = "<group>"; };
		E1A07E93210296E5007010AE /* CMTPDClothTestViewController.m */ = {isa = PBXFileReference; fileEncoding = 4; lastKnownFileType = sourcecode.c.objc; path = CMTPDClothTestViewController.m; sourceTree = "<group>"; };
		E1A07E94210296E5007010AE /* ClothTestVertexShader.glsl */ = {isa = PBXFileReference; fileEncoding = 4; lastKnownFileType = text; path = ClothTestVertexShader.glsl; sourceTree = "<group>"; };
		E1A07E95210296E5007010AE /* ClothTestFragmentShader.glsl */ = {isa = PBXFileReference; fileEncoding = 4; lastKnownFileType = text; path = ClothTestFragmentShader.glsl; sourceTree = "<group>"; };
		E1A07E97210296E5007010AE /* CMTPDClothTestViewController.h */ = {isa = PBXFileReference; fileEncoding = 4; lastKnownFileType = sourcecode.c.h; path = CMTPDClothTestViewController.h; sourceTree = "<group>"; };
		E1A07E98210296E5007010AE /* EAGLView.m */ = {isa = PBXFileReference; fileEncoding = 4; lastKnownFileType = sourcecode.c.objc; path = EAGLView.m; sourceTree = "<group>"; };
		E1A07ECA210296F9007010AE /* LICENSE.txt */ = {isa = PBXFileReference; fileEncoding = 4; lastKnownFileType = text; path = LICENSE.txt; sourceTree = "<group>"; };
		E1A07ECD210296F9007010AE /* CMGLESKUtil.h */ = {isa = PBXFileReference; fileEncoding = 4; lastKnownFileType = sourcecode.c.h; path = CMGLESKUtil.h; sourceTree = "<group>"; };
		E1A07ECE210296F9007010AE /* CMGLESKProgram.m */ = {isa = PBXFileReference; fileEncoding = 4; lastKnownFileType = sourcecode.c.objc; path = CMGLESKProgram.m; sourceTree = "<group>"; };
		E1A07ECF210296F9007010AE /* CMGLESKTexture.m */ = {isa = PBXFileReference; fileEncoding = 4; lastKnownFileType = sourcecode.c.objc; path = CMGLESKTexture.m; sourceTree = "<group>"; };
		E1A07ED0210296F9007010AE /* CMGLESKUtil.m */ = {isa = PBXFileReference; fileEncoding = 4; lastKnownFileType = sourcecode.c.objc; path = CMGLESKUtil.m; sourceTree = "<group>"; };
		E1A07ED1210296F9007010AE /* CMGLESKMatrix3D.h */ = {isa = PBXFileReference; fileEncoding = 4; lastKnownFileType = sourcecode.c.h; path = CMGLESKMatrix3D.h; sourceTree = "<group>"; };
		E1A07ED2210296F9007010AE /* CMGLESKTexture.h */ = {isa = PBXFileReference; fileEncoding = 4; lastKnownFileType = sourcecode.c.h; path = CMGLESKTexture.h; sourceTree = "<group>"; };
		E1A07ED3210296F9007010AE /* CMGLESKProgram.h */ = {isa = PBXFileReference; fileEncoding = 4; lastKnownFileType = sourcecode.c.h; path = CMGLESKProgram.h; sourceTree = "<group>"; };
		E1A07ED821029710007010AE /* README.md */ = {isa = PBXFileReference; fileEncoding = 4; lastKnownFileType = net.daringfireball.markdown; name = README.md; path = ../README.md; sourceTree = "<group>"; };
		E1A07EDA21029710007010AE /* CMTPRungeKuttaIntegrator.h */ = {isa = PBXFileReference; fileEncoding = 4; lastKnownFileType = sourcecode.c.h; path = CMTPRungeKuttaIntegrator.h; sourceTree = "<group>"; };
		E1A07EDB21029710007010AE /* CMTPModifiedEulerIntegrator.m */ = {isa = PBXFileReference; fileEncoding = 4; lastKnownFileType = sourcecode.c.objc; path = CMTPModifiedEulerIntegrator.m; sourceTree = "<group>"; };
		E1A07EDC21029710007010AE /* CMTPParticle.h */ = {isa = PBXFileReference; fileEncoding = 4; lastKnownFileType = sourcecode.c.h; path = CMTPParticle.h; sourceTree = "<group>"; };
		E1A07EDD21029710007010AE /* CMTraerPhysics.h */ = {isa = PBXFileReference; fileEncoding = 4; lastKnownFileType = sourcecode.c.h; path = CMTraerPhysics.h; sourceTree = "<group>"; };
		E1A07EDE21029710007010AE /* CMTPIntegrator.h */ = {isa = PBXFileReference; fileEncoding = 4; lastKnownFileType = sourcecode.c.h; path = CMTPIntegrator.h; sourceTree = "<group>"; };
		E1A07EDF21029710007010AE /* CMTPSpring.m */ = {isa = PBXFileReference; fileEncoding = 4; lastKnownFileType = sourcecode.c.objc; path = CMTPSpring.m; sourceTree = "<group>"; };
		E1A07EE021029710007010AE /* CMTPAttraction.m */ = {isa = PBXFileReference; fileEncoding = 4; lastKnownFileType = sourcecode.c.objc; path = CMTPAttraction.m; sourceTree = "<group>"; };
		E1A07EE121029710007010AE /* CMTPCustomForce.h */ = {isa = PBXFileReference; fileEncoding = 4; lastKnownFileType = sourcecode.c.h; path = CMTPCustomForce.h; sourceTree = "<group>"; };
		E1A07EE221029710007010AE /* CMTPParticleSystem.m */ = {isa = PBXFileReference; fileEncoding = 4; lastKnownFileType = sourcecode.c.objc; path = CMTPParticleSystem.m; sourceTree = "<group>"; };
		E1A07EE321029710007010AE /* CMTPForce.m */ = {isa = PBXFileReference; fileEncoding = 4; lastKnownFileType = sourcecode.c.objc; path = CMTPForce.m; sourceTree = "<group>"; };
		E1A07EE421029710007010AE /* CMTPModifiedEulerIntegrator.h */ = {isa = PBXFileReference; fileEncoding = 4; lastKnownFileType = sourcecode.c.h; path = CMTPModifiedEulerIntegrator.h; sourceTree = "<group>"; };
		E1A07EE521029710007010AE /* CMTPCommon.h */ = {isa = PBXFileReference; fileEncoding = 4; lastKnownFileType = sourcecode.c.h; path = CMTPCommon.h; sourceTree = "<group>"; };
		E1A07EE621029710007010AE /* CMTPRungeKuttaIntegrator.m */ = {isa = PBXFileReference; fileEncoding = 4; lastKnownFileType = sourcecode.c.objc; path = CMTPRungeKuttaIntegrator.m; sourceTree = "<group>"; };
		E1A07EE721029710007010AE /* CMTPParticle.m */ = {isa = PBXFileReference; fileEncoding = 4; lastKnownFileType = sourcecode.c.objc; path = CMTPParticle.m; sourceTree = "<group>"; };
		E1A07EE821029710007010AE /* CMTPSpring.h */ = {isa = PBXFileReference; fileEncoding = 4; lastKnownFileType = sourcecode.c.h; path = CMTPSpring.h; sourceTree = "<group>"; };
		E1A07EE921029710007010AE /* CMTPIntegrator.m */ = {isa = PBXFileReference; fileEncoding = 4; lastKnownFileType = sourcecode.c.objc; path = CMTPIntegrator.m; sourceTree = "<group>"; };
		E1A07EEA21029710007010AE /* LICENSE.txt */ = {isa = PBXFileReference; fileEncoding = 4; lastKnownFileType = text; path = LICENSE.txt; sourceTree = "<group>"; };
		E1A07EEB21029710007010AE /* CMTPForce.h */ = {isa = PBXFileReference; fileEncoding = 4; lastKnownFileType = sourcecode.c.h; path = CMTPForce.h; sourceTree = "<group>"; };
		E1A07EEC21029710007010AE /* CMTPParticleSystem.h */ = {isa = PBXFileReference; fileEncoding = 4; lastKnownFileType = sourcecode.c.h; path = CMTPParticleSystem.h; sourceTree = "<group>"; };
		E1A07EED21029710007010AE /* CMTPCustomForce.m */ = {isa = PBXFileReference; fileEncoding = 4; lastKnownFileType = sourcecode.c.objc; path = CMTPCustomForce.m; sourceTree = "<group>"; };
		E1A07EEE21029710007010AE /* CMTPAttraction.h */ = {isa = PBXFileReference; fileEncoding = 4; lastKnownFileType = sourcecode.c.h; path = CMTPAttraction.h; sourceTree = "<group>"; };
/* End PBXFileReference section */

/* Begin PBXFrameworksBuildPhase section */
		E1739D09210261AC00558840 /* Frameworks */ = {
			isa = PBXFrameworksBuildPhase;
			buildActionMask = 2147483647;
			files = (
			);
			runOnlyForDeploymentPostprocessing = 0;
		};
/* End PBXFrameworksBuildPhase section */

/* Begin PBXGroup section */
		E1739D03210261AC00558840 = {
			isa = PBXGroup;
			children = (
				E1739D0E210261AC00558840 /* CMTPDemo */,
				E1A07ED921029710007010AE /* CMTraerPhysics */,
				E1A07ECB210296F9007010AE /* Libraries */,
				E1A07ECA210296F9007010AE /* LICENSE.txt */,
				E1739D0D210261AC00558840 /* Products */,
				E1A07ED821029710007010AE /* README.md */,
			);
			sourceTree = "<group>";
		};
		E1739D0D210261AC00558840 /* Products */ = {
			isa = PBXGroup;
			children = (
				E1739D0C210261AC00558840 /* CMTPDemo.app */,
			);
			name = Products;
			sourceTree = "<group>";
		};
		E1739D0E210261AC00558840 /* CMTPDemo */ = {
			isa = PBXGroup;
			children = (
				E1739D1B210261AD00558840 /* Assets.xcassets */,
				E1A07E8C210296E5007010AE /* AttractionGrid */,
				E1A07E79210296E5007010AE /* AttractionTest */,
				E1A07E92210296E5007010AE /* ClothTest */,
				E1739D0F210261AC00558840 /* CMTPDAppDelegate.h */,
				E1739D10210261AC00558840 /* CMTPDAppDelegate.m */,
				E1739D20210261AD00558840 /* CMTPDemo-Info.plist */,
				E1A07E5C210296E5007010AE /* CMTPDInfoViewController.h */,
				E1A07E4D210296E4007010AE /* CMTPDInfoViewController.m */,
				E1739D12210261AC00558840 /* CMTPMasterViewController.h */,
				E1739D13210261AC00558840 /* CMTPMasterViewController.m */,
				E1A07E71210296E5007010AE /* EAGLView.h */,
				E1A07E98210296E5007010AE /* EAGLView.m */,
				E1A07E67210296E5007010AE /* FreeFloatingTest */,
				E1739D1D210261AD00558840 /* LaunchScreen.storyboard */,
				E1739D21210261AD00558840 /* main.m */,
				E1739D18210261AC00558840 /* Main.storyboard */,
				E1A07E72210296E5007010AE /* Resources */,
				E1A07E83210296E5007010AE /* ScrollViewClone */,
				E1A07E5D210296E5007010AE /* SpringTest */,
				E1A07E55210296E4007010AE /* WebTest */,
				E1A07E4F210296E4007010AE /* WonderwallLike */,
			);
			path = CMTPDemo;
			sourceTree = "<group>";
		};
		E1A07E4F210296E4007010AE /* WonderwallLike */ = {
			isa = PBXGroup;
			children = (
				E1A07E50210296E4007010AE /* CMTPDWonderwallLikeViewController.h */,
				E1A07E53210296E4007010AE /* CMTPDWonderwallLikeViewController.m */,
				E1A07E52210296E4007010AE /* WonderwallLikeFragmentShader.glsl */,
				E1A07E51210296E4007010AE /* WonderwallLikeVertexShader.glsl */,
			);
			path = WonderwallLike;
			sourceTree = "<group>";
		};
		E1A07E55210296E4007010AE /* WebTest */ = {
			isa = PBXGroup;
			children = (
				E1A07E5A210296E4007010AE /* CMTPDWebTestViewController.h */,
				E1A07E59210296E4007010AE /* CMTPDWebTestViewController.m */,
				E1A07E56210296E4007010AE /* WebTestFragmentShader.glsl */,
				E1A07E57210296E4007010AE /* WebTestVertexShader.glsl */,
			);
			path = WebTest;
			sourceTree = "<group>";
		};
		E1A07E5D210296E5007010AE /* SpringTest */ = {
			isa = PBXGroup;
			children = (
				E1A07E64210296E5007010AE /* CMTPDSmoothedPath.h */,
				E1A07E5F210296E5007010AE /* CMTPDSmoothedPath.m */,
				E1A07E62210296E5007010AE /* CMTPDSpringTestLayer.h */,
				E1A07E65210296E5007010AE /* CMTPDSpringTestLayer.m */,
				E1A07E60210296E5007010AE /* CMTPDSpringTestView.h */,
				E1A07E63210296E5007010AE /* CMTPDSpringTestView.m */,
				E1A07E61210296E5007010AE /* CMTPDSpringTestViewController.h */,
				E1A07E66210296E5007010AE /* CMTPDSpringTestViewController.m */,
			);
			path = SpringTest;
			sourceTree = "<group>";
		};
		E1A07E67210296E5007010AE /* FreeFloatingTest */ = {
			isa = PBXGroup;
			children = (
				E1A07E6E210296E5007010AE /* CMTPDFreeFloatingTestLayer.h */,
				E1A07E6A210296E5007010AE /* CMTPDFreeFloatingTestLayer.m */,
				E1A07E6F210296E5007010AE /* CMTPDFreeFloatingTestSubLayer.h */,
				E1A07E69210296E5007010AE /* CMTPDFreeFloatingTestSubLayer.m */,
				E1A07E70210296E5007010AE /* CMTPDFreeFloatingTestView.h */,
				E1A07E6C210296E5007010AE /* CMTPDFreeFloatingTestView.m */,
				E1A07E68210296E5007010AE /* CMTPDFreeFloatingTestViewController.h */,
				E1A07E6D210296E5007010AE /* CMTPDFreeFloatingTestViewController.m */,
			);
			path = FreeFloatingTest;
			sourceTree = "<group>";
		};
		E1A07E72210296E5007010AE /* Resources */ = {
			isa = PBXGroup;
			children = (
				E1A07E75210296E5007010AE /* info.html */,
				E1A07E76210296E5007010AE /* sandy_beach.jpg */,
				E1A07E73210296E5007010AE /* wonderwall_atlas.plist */,
				E1A07E77210296E5007010AE /* wonderwall_atlas.png */,
				E1A07E74210296E5007010AE /* wonderwall_atlas@2x.plist */,
				E1A07E78210296E5007010AE /* wonderwall_atlas@2x.png */,
			);
			path = Resources;
			sourceTree = "<group>";
		};
		E1A07E79210296E5007010AE /* AttractionTest */ = {
			isa = PBXGroup;
			children = (
				E1A07E82210296E5007010AE /* CMTPDATSubLayers.h */,
				E1A07E7D210296E5007010AE /* CMTPDATSubLayers.m */,
				E1A07E80210296E5007010AE /* CMTPDAttractionTestLayer.h */,
				E1A07E7A210296E5007010AE /* CMTPDAttractionTestLayer.m */,
				E1A07E7F210296E5007010AE /* CMTPDAttractionTestView.h */,
				E1A07E7B210296E5007010AE /* CMTPDAttractionTestView.m */,
				E1A07E81210296E5007010AE /* CMTPDAttractionTestViewController.h */,
				E1A07E7E210296E5007010AE /* CMTPDAttractionTestViewController.m */,
			);
			path = AttractionTest;
			sourceTree = "<group>";
		};
		E1A07E83210296E5007010AE /* ScrollViewClone */ = {
			isa = PBXGroup;
			children = (
				E1A07E85210296E5007010AE /* CMScrollView.h */,
				E1A07E89210296E5007010AE /* CMScrollView.m */,
				E1A07E8B210296E5007010AE /* CMTPDScrollViewCloneConfigureViewController.h */,
				E1A07E86210296E5007010AE /* CMTPDScrollViewCloneConfigureViewController.m */,
				E1A07E88210296E5007010AE /* CMTPDScrollViewCloneViewController.h */,
				E1A07E84210296E5007010AE /* CMTPDScrollViewCloneViewController.m */,
			);
			path = ScrollViewClone;
			sourceTree = "<group>";
		};
		E1A07E8C210296E5007010AE /* AttractionGrid */ = {
			isa = PBXGroup;
			children = (
				E1A07E91210296E5007010AE /* AttractionGridFragmentShader.glsl */,
				E1A07E90210296E5007010AE /* AttractionGridVertexShader.glsl */,
				E1A07E8E210296E5007010AE /* CMTPDAttractionGridViewController.h */,
				E1A07E8F210296E5007010AE /* CMTPDAttractionGridViewController.m */,
			);
			path = AttractionGrid;
			sourceTree = "<group>";
		};
		E1A07E92210296E5007010AE /* ClothTest */ = {
			isa = PBXGroup;
			children = (
				E1A07E95210296E5007010AE /* ClothTestFragmentShader.glsl */,
				E1A07E94210296E5007010AE /* ClothTestVertexShader.glsl */,
				E1A07E97210296E5007010AE /* CMTPDClothTestViewController.h */,
				E1A07E93210296E5007010AE /* CMTPDClothTestViewController.m */,
			);
			path = ClothTest;
			sourceTree = "<group>";
		};
		E1A07ECB210296F9007010AE /* Libraries */ = {
			isa = PBXGroup;
			children = (
				E1A07ECC210296F9007010AE /* CMGLESKit */,
			);
			path = Libraries;
			sourceTree = "<group>";
		};
		E1A07ECC210296F9007010AE /* CMGLESKit */ = {
			isa = PBXGroup;
			children = (
				E1A07ECD210296F9007010AE /* CMGLESKUtil.h */,
				E1A07ECE210296F9007010AE /* CMGLESKProgram.m */,
				E1A07ECF210296F9007010AE /* CMGLESKTexture.m */,
				E1A07ED0210296F9007010AE /* CMGLESKUtil.m */,
				E1A07ED1210296F9007010AE /* CMGLESKMatrix3D.h */,
				E1A07ED2210296F9007010AE /* CMGLESKTexture.h */,
				E1A07ED3210296F9007010AE /* CMGLESKProgram.h */,
			);
			path = CMGLESKit;
			sourceTree = "<group>";
		};
		E1A07ED921029710007010AE /* CMTraerPhysics */ = {
			isa = PBXGroup;
			children = (
				E1A07EEE21029710007010AE /* CMTPAttraction.h */,
				E1A07EE021029710007010AE /* CMTPAttraction.m */,
				E1A07EE521029710007010AE /* CMTPCommon.h */,
				E1A07EE121029710007010AE /* CMTPCustomForce.h */,
				E1A07EED21029710007010AE /* CMTPCustomForce.m */,
				E1A07EEB21029710007010AE /* CMTPForce.h */,
				E1A07EE321029710007010AE /* CMTPForce.m */,
				E1A07EDE21029710007010AE /* CMTPIntegrator.h */,
				E1A07EE921029710007010AE /* CMTPIntegrator.m */,
				E1A07EE421029710007010AE /* CMTPModifiedEulerIntegrator.h */,
				E1A07EDB21029710007010AE /* CMTPModifiedEulerIntegrator.m */,
				E1A07EDC21029710007010AE /* CMTPParticle.h */,
				E1A07EE721029710007010AE /* CMTPParticle.m */,
				E1A07EEC21029710007010AE /* CMTPParticleSystem.h */,
				E1A07EE221029710007010AE /* CMTPParticleSystem.m */,
				E1A07EDA21029710007010AE /* CMTPRungeKuttaIntegrator.h */,
				E1A07EE621029710007010AE /* CMTPRungeKuttaIntegrator.m */,
				E1A07EE821029710007010AE /* CMTPSpring.h */,
				E1A07EDF21029710007010AE /* CMTPSpring.m */,
				E1A07EDD21029710007010AE /* CMTraerPhysics.h */,
				E1A07EEA21029710007010AE /* LICENSE.txt */,
			);
			name = CMTraerPhysics;
			path = ../CMTraerPhysics;
			sourceTree = "<group>";
		};
/* End PBXGroup section */

/* Begin PBXNativeTarget section */
		E1739D0B210261AC00558840 /* CMTPDemo */ = {
			isa = PBXNativeTarget;
			buildConfigurationList = E1739D25210261AD00558840 /* Build configuration list for PBXNativeTarget "CMTPDemo" */;
			buildPhases = (
				E1739D08210261AC00558840 /* Sources */,
				E1739D09210261AC00558840 /* Frameworks */,
				E1739D0A210261AC00558840 /* Resources */,
			);
			buildRules = (
			);
			dependencies = (
			);
			name = CMTPDemo;
			productName = CMTPDemo;
			productReference = E1739D0C210261AC00558840 /* CMTPDemo.app */;
			productType = "com.apple.product-type.application";
		};
/* End PBXNativeTarget section */

/* Begin PBXProject section */
		E1739D04210261AC00558840 /* Project object */ = {
			isa = PBXProject;
			attributes = {
				LastUpgradeCheck = 0940;
				ORGANIZATIONNAME = "Chris Miles";
				TargetAttributes = {
					E1739D0B210261AC00558840 = {
						CreatedOnToolsVersion = 9.4.1;
					};
				};
			};
			buildConfigurationList = E1739D07210261AC00558840 /* Build configuration list for PBXProject "CMTPDemo" */;
			compatibilityVersion = "Xcode 9.3";
			developmentRegion = en;
			hasScannedForEncodings = 0;
			knownRegions = (
				en,
				Base,
			);
			mainGroup = E1739D03210261AC00558840;
			productRefGroup = E1739D0D210261AC00558840 /* Products */;
			projectDirPath = "";
			projectRoot = "";
			targets = (
				E1739D0B210261AC00558840 /* CMTPDemo */,
			);
		};
/* End PBXProject section */

/* Begin PBXResourcesBuildPhase section */
		E1739D0A210261AC00558840 /* Resources */ = {
			isa = PBXResourcesBuildPhase;
			buildActionMask = 2147483647;
			files = (
				E1A07EC3210296E6007010AE /* AttractionGridFragmentShader.glsl in Resources */,
				E1A07EC6210296E6007010AE /* ClothTestFragmentShader.glsl in Resources */,
				E1A07E9E210296E6007010AE /* WonderwallLikeFragmentShader.glsl in Resources */,
				E1A07EB4210296E6007010AE /* wonderwall_atlas.png in Resources */,
				E1739D1F210261AD00558840 /* LaunchScreen.storyboard in Resources */,
				E1A07EB5210296E6007010AE /* wonderwall_atlas@2x.png in Resources */,
				E1A07EEF21029710007010AE /* README.md in Resources */,
				E1A07ED4210296F9007010AE /* LICENSE.txt in Resources */,
				E1A07EC5210296E6007010AE /* ClothTestVertexShader.glsl in Resources */,
				E1A07EC2210296E6007010AE /* AttractionGridVertexShader.glsl in Resources */,
				E1A07EA1210296E6007010AE /* WebTestFragmentShader.glsl in Resources */,
				E1A07EB2210296E6007010AE /* info.html in Resources */,
				E1739D1C210261AD00558840 /* Assets.xcassets in Resources */,
				E1A07E9D210296E6007010AE /* WonderwallLikeVertexShader.glsl in Resources */,
				E1A07EA2210296E6007010AE /* WebTestVertexShader.glsl in Resources */,
				E1A07EB1210296E6007010AE /* wonderwall_atlas@2x.plist in Resources */,
				E1739D1A210261AC00558840 /* Main.storyboard in Resources */,
				E1A07EB3210296E6007010AE /* sandy_beach.jpg in Resources */,
				E1A07EB0210296E6007010AE /* wonderwall_atlas.plist in Resources */,
			);
			runOnlyForDeploymentPostprocessing = 0;
		};
/* End PBXResourcesBuildPhase section */

/* Begin PBXSourcesBuildPhase section */
		E1739D08210261AC00558840 /* Sources */ = {
			isa = PBXSourcesBuildPhase;
			buildActionMask = 2147483647;
			files = (
				E1A07EA8210296E6007010AE /* CMTPDSpringTestView.m in Sources */,
				E1739D14210261AC00558840 /* CMTPMasterViewController.m in Sources */,
				E1A07EF921029710007010AE /* CMTPCustomForce.m in Sources */,
				E1A07EF121029710007010AE /* CMTPSpring.m in Sources */,
				E1A07EBA210296E6007010AE /* CMTPDAttractionTestViewController.m in Sources */,
				E1A07EC1210296E6007010AE /* CMTPDAttractionGridViewController.m in Sources */,
				E1A07EB9210296E6007010AE /* CMTPDATSubLayers.m in Sources */,
				E1A07ED6210296F9007010AE /* CMGLESKTexture.m in Sources */,
				E1A07EA4210296E6007010AE /* CMTPDWebTestViewController.m in Sources */,
				E1A07EBE210296E6007010AE /* CMScrollView.m in Sources */,
				E1A07EB6210296E6007010AE /* CMTPDAttractionTestLayer.m in Sources */,
				E1A07EF321029710007010AE /* CMTPParticleSystem.m in Sources */,
				E1A07EC8210296E6007010AE /* EAGLView.m in Sources */,
				E1A07EF621029710007010AE /* CMTPParticle.m in Sources */,
				E1A07EA9210296E6007010AE /* CMTPDSpringTestLayer.m in Sources */,
				E1A07EAF210296E6007010AE /* CMTPDFreeFloatingTestViewController.m in Sources */,
				E1A07EF521029710007010AE /* CMTPRungeKuttaIntegrator.m in Sources */,
				E1A07EAC210296E6007010AE /* CMTPDFreeFloatingTestLayer.m in Sources */,
				E1A07EAE210296E6007010AE /* CMTPDFreeFloatingTestView.m in Sources */,
				E1739D11210261AC00558840 /* CMTPDAppDelegate.m in Sources */,
				E1A07EAA210296E6007010AE /* CMTPDSpringTestViewController.m in Sources */,
				E1A07EBC210296E6007010AE /* CMTPDScrollViewCloneConfigureViewController.m in Sources */,
				E1739D22210261AD00558840 /* main.m in Sources */,
				E1A07ED5210296F9007010AE /* CMGLESKProgram.m in Sources */,
				E1A07E9F210296E6007010AE /* CMTPDWonderwallLikeViewController.m in Sources */,
				E1A07E9B210296E6007010AE /* CMTPDInfoViewController.m in Sources */,
				E1A07EC4210296E6007010AE /* CMTPDClothTestViewController.m in Sources */,
				E1A07EF721029710007010AE /* CMTPIntegrator.m in Sources */,
				E1A07EF421029710007010AE /* CMTPForce.m in Sources */,
				E1A07EF221029710007010AE /* CMTPAttraction.m in Sources */,
				E1A07EB7210296E6007010AE /* CMTPDAttractionTestView.m in Sources */,
				E1A07ED7210296F9007010AE /* CMGLESKUtil.m in Sources */,
				E1A07EF021029710007010AE /* CMTPModifiedEulerIntegrator.m in Sources */,
				E1A07EA7210296E6007010AE /* CMTPDSmoothedPath.m in Sources */,
				E1A07EBB210296E6007010AE /* CMTPDScrollViewCloneViewController.m in Sources */,
				E1A07EAB210296E6007010AE /* CMTPDFreeFloatingTestSubLayer.m in Sources */,
			);
			runOnlyForDeploymentPostprocessing = 0;
		};
/* End PBXSourcesBuildPhase section */

/* Begin PBXVariantGroup section */
		E1739D18210261AC00558840 /* Main.storyboard */ = {
			isa = PBXVariantGroup;
			children = (
				E1739D19210261AC00558840 /* Base */,
			);
			name = Main.storyboard;
			sourceTree = "<group>";
		};
		E1739D1D210261AD00558840 /* LaunchScreen.storyboard */ = {
			isa = PBXVariantGroup;
			children = (
				E1739D1E210261AD00558840 /* Base */,
			);
			name = LaunchScreen.storyboard;
			sourceTree = "<group>";
		};
/* End PBXVariantGroup section */

/* Begin XCBuildConfiguration section */
		E1739D23210261AD00558840 /* Debug */ = {
			isa = XCBuildConfiguration;
			buildSettings = {
				ALWAYS_SEARCH_USER_PATHS = NO;
				CLANG_ANALYZER_NONNULL = YES;
				CLANG_ANALYZER_NUMBER_OBJECT_CONVERSION = YES_AGGRESSIVE;
				CLANG_CXX_LANGUAGE_STANDARD = "gnu++14";
				CLANG_CXX_LIBRARY = "libc++";
				CLANG_ENABLE_MODULES = YES;
				CLANG_ENABLE_OBJC_ARC = YES;
				CLANG_ENABLE_OBJC_WEAK = YES;
				CLANG_WARN_BLOCK_CAPTURE_AUTORELEASING = YES;
				CLANG_WARN_BOOL_CONVERSION = YES;
				CLANG_WARN_COMMA = YES;
				CLANG_WARN_CONSTANT_CONVERSION = YES;
				CLANG_WARN_DEPRECATED_OBJC_IMPLEMENTATIONS = YES;
				CLANG_WARN_DIRECT_OBJC_ISA_USAGE = YES_ERROR;
				CLANG_WARN_DOCUMENTATION_COMMENTS = YES;
				CLANG_WARN_EMPTY_BODY = YES;
				CLANG_WARN_ENUM_CONVERSION = YES;
				CLANG_WARN_INFINITE_RECURSION = YES;
				CLANG_WARN_INT_CONVERSION = YES;
				CLANG_WARN_NON_LITERAL_NULL_CONVERSION = YES;
				CLANG_WARN_OBJC_IMPLICIT_RETAIN_SELF = YES;
				CLANG_WARN_OBJC_LITERAL_CONVERSION = YES;
				CLANG_WARN_OBJC_ROOT_CLASS = YES_ERROR;
				CLANG_WARN_RANGE_LOOP_ANALYSIS = YES;
				CLANG_WARN_STRICT_PROTOTYPES = YES;
				CLANG_WARN_SUSPICIOUS_MOVE = YES;
				CLANG_WARN_UNGUARDED_AVAILABILITY = YES_AGGRESSIVE;
				CLANG_WARN_UNREACHABLE_CODE = YES;
				CLANG_WARN__DUPLICATE_METHOD_MATCH = YES;
				CODE_SIGN_IDENTITY = "iPhone Developer";
				COPY_PHASE_STRIP = NO;
				DEBUG_INFORMATION_FORMAT = dwarf;
				ENABLE_STRICT_OBJC_MSGSEND = YES;
				ENABLE_TESTABILITY = YES;
				GCC_C_LANGUAGE_STANDARD = gnu11;
				GCC_DYNAMIC_NO_PIC = NO;
				GCC_NO_COMMON_BLOCKS = YES;
				GCC_OPTIMIZATION_LEVEL = 0;
				GCC_PREPROCESSOR_DEFINITIONS = (
					"DEBUG=1",
					"$(inherited)",
				);
				GCC_WARN_64_TO_32_BIT_CONVERSION = YES;
				GCC_WARN_ABOUT_RETURN_TYPE = YES_ERROR;
				GCC_WARN_UNDECLARED_SELECTOR = YES;
				GCC_WARN_UNINITIALIZED_AUTOS = YES_AGGRESSIVE;
				GCC_WARN_UNUSED_FUNCTION = YES;
				GCC_WARN_UNUSED_VARIABLE = YES;
				IPHONEOS_DEPLOYMENT_TARGET = 11.4;
				MTL_ENABLE_DEBUG_INFO = YES;
				ONLY_ACTIVE_ARCH = YES;
				SDKROOT = iphoneos;
			};
			name = Debug;
		};
		E1739D24210261AD00558840 /* Release */ = {
			isa = XCBuildConfiguration;
			buildSettings = {
				ALWAYS_SEARCH_USER_PATHS = NO;
				CLANG_ANALYZER_NONNULL = YES;
				CLANG_ANALYZER_NUMBER_OBJECT_CONVERSION = YES_AGGRESSIVE;
				CLANG_CXX_LANGUAGE_STANDARD = "gnu++14";
				CLANG_CXX_LIBRARY = "libc++";
				CLANG_ENABLE_MODULES = YES;
				CLANG_ENABLE_OBJC_ARC = YES;
				CLANG_ENABLE_OBJC_WEAK = YES;
				CLANG_WARN_BLOCK_CAPTURE_AUTORELEASING = YES;
				CLANG_WARN_BOOL_CONVERSION = YES;
				CLANG_WARN_COMMA = YES;
				CLANG_WARN_CONSTANT_CONVERSION = YES;
				CLANG_WARN_DEPRECATED_OBJC_IMPLEMENTATIONS = YES;
				CLANG_WARN_DIRECT_OBJC_ISA_USAGE = YES_ERROR;
				CLANG_WARN_DOCUMENTATION_COMMENTS = YES;
				CLANG_WARN_EMPTY_BODY = YES;
				CLANG_WARN_ENUM_CONVERSION = YES;
				CLANG_WARN_INFINITE_RECURSION = YES;
				CLANG_WARN_INT_CONVERSION = YES;
				CLANG_WARN_NON_LITERAL_NULL_CONVERSION = YES;
				CLANG_WARN_OBJC_IMPLICIT_RETAIN_SELF = YES;
				CLANG_WARN_OBJC_LITERAL_CONVERSION = YES;
				CLANG_WARN_OBJC_ROOT_CLASS = YES_ERROR;
				CLANG_WARN_RANGE_LOOP_ANALYSIS = YES;
				CLANG_WARN_STRICT_PROTOTYPES = YES;
				CLANG_WARN_SUSPICIOUS_MOVE = YES;
				CLANG_WARN_UNGUARDED_AVAILABILITY = YES_AGGRESSIVE;
				CLANG_WARN_UNREACHABLE_CODE = YES;
				CLANG_WARN__DUPLICATE_METHOD_MATCH = YES;
				CODE_SIGN_IDENTITY = "iPhone Developer";
				COPY_PHASE_STRIP = NO;
				DEBUG_INFORMATION_FORMAT = "dwarf-with-dsym";
				ENABLE_NS_ASSERTIONS = NO;
				ENABLE_STRICT_OBJC_MSGSEND = YES;
				GCC_C_LANGUAGE_STANDARD = gnu11;
				GCC_NO_COMMON_BLOCKS = YES;
				GCC_WARN_64_TO_32_BIT_CONVERSION = YES;
				GCC_WARN_ABOUT_RETURN_TYPE = YES_ERROR;
				GCC_WARN_UNDECLARED_SELECTOR = YES;
				GCC_WARN_UNINITIALIZED_AUTOS = YES_AGGRESSIVE;
				GCC_WARN_UNUSED_FUNCTION = YES;
				GCC_WARN_UNUSED_VARIABLE = YES;
				IPHONEOS_DEPLOYMENT_TARGET = 11.4;
				MTL_ENABLE_DEBUG_INFO = NO;
				SDKROOT = iphoneos;
				VALIDATE_PRODUCT = YES;
			};
			name = Release;
		};
		E1739D26210261AD00558840 /* Debug */ = {
			isa = XCBuildConfiguration;
			buildSettings = {
				ASSETCATALOG_COMPILER_APPICON_NAME = AppIcon;
				CODE_SIGN_STYLE = Automatic;
				DEVELOPMENT_TEAM = "";
				INFOPLIST_FILE = "$(SRCROOT)/CMTPDemo/CMTPDemo-Info.plist";
				IPHONEOS_DEPLOYMENT_TARGET = 9.0;
				LD_RUNPATH_SEARCH_PATHS = (
					"$(inherited)",
					"@executable_path/Frameworks",
				);
				PRODUCT_BUNDLE_IDENTIFIER = info.chrismiles.CMTPDemo;
				PRODUCT_NAME = "$(TARGET_NAME)";
				TARGETED_DEVICE_FAMILY = "1,2";
			};
			name = Debug;
		};
		E1739D27210261AD00558840 /* Release */ = {
			isa = XCBuildConfiguration;
			buildSettings = {
				ASSETCATALOG_COMPILER_APPICON_NAME = AppIcon;
				CODE_SIGN_STYLE = Automatic;
				DEVELOPMENT_TEAM = "";
				INFOPLIST_FILE = "$(SRCROOT)/CMTPDemo/CMTPDemo-Info.plist";
				IPHONEOS_DEPLOYMENT_TARGET = 9.0;
				LD_RUNPATH_SEARCH_PATHS = (
					"$(inherited)",
					"@executable_path/Frameworks",
				);
				PRODUCT_BUNDLE_IDENTIFIER = info.chrismiles.CMTPDemo;
				PRODUCT_NAME = "$(TARGET_NAME)";
				TARGETED_DEVICE_FAMILY = "1,2";
			};
			name = Release;
		};
/* End XCBuildConfiguration section */

/* Begin XCConfigurationList section */
		E1739D07210261AC00558840 /* Build configuration list for PBXProject "CMTPDemo" */ = {
			isa = XCConfigurationList;
			buildConfigurations = (
				E1739D23210261AD00558840 /* Debug */,
				E1739D24210261AD00558840 /* Release */,
			);
			defaultConfigurationIsVisible = 0;
			defaultConfigurationName = Release;
		};
		E1739D25210261AD00558840 /* Build configuration list for PBXNativeTarget "CMTPDemo" */ = {
			isa = XCConfigurationList;
			buildConfigurations = (
				E1739D26210261AD00558840 /* Debug */,
				E1739D27210261AD00558840 /* Release */,
			);
			defaultConfigurationIsVisible = 0;
			defaultConfigurationName = Release;
		};
/* End XCConfigurationList section */
	};
	rootObject = E1739D04210261AC00558840 /* Project object */;
}
